{
  "nodes": {
    "flake-utils": {
      "locked": {
        "lastModified": 1667395993,
        "narHash": "sha256-nuEHfE/LcWyuSWnS8t12N1wc105Qtau+/OdUAjtQ0rA=",
        "owner": "numtide",
        "repo": "flake-utils",
        "rev": "5aed5285a952e0b949eb3ba02c12fa4fcfef535f",
        "type": "github"
      },
      "original": {
        "owner": "numtide",
        "repo": "flake-utils",
        "type": "github"
      }
    },
    "flake-utils_2": {
      "locked": {
        "lastModified": 1644229661,
        "narHash": "sha256-1YdnJAsNy69bpcjuoKdOYQX0YxZBiCYZo4Twxerqv7k=",
        "owner": "numtide",
        "repo": "flake-utils",
        "rev": "3cecb5b042f7f209c56ffd8371b2711a290ec797",
        "type": "github"
      },
      "original": {
        "owner": "numtide",
        "repo": "flake-utils",
        "type": "github"
      }
    },
    "flake-utils_3": {
      "locked": {
        "lastModified": 1659877975,
        "narHash": "sha256-zllb8aq3YO3h8B/U0/J1WBgAL8EX5yWf5pMj3G0NAmc=",
        "owner": "numtide",
        "repo": "flake-utils",
        "rev": "c0e246b9b83f637f4681389ecabcb2681b4f3af0",
        "type": "github"
      },
      "original": {
        "owner": "numtide",
        "repo": "flake-utils",
        "type": "github"
      }
    },
    "import-cargo": {
      "locked": {
        "lastModified": 1594305518,
        "narHash": "sha256-frtArgN42rSaEcEOYWg8sVPMUK+Zgch3c+wejcpX3DY=",
        "owner": "edolstra",
        "repo": "import-cargo",
        "rev": "25d40be4a73d40a2572e0cc233b83253554f06c5",
        "type": "github"
      },
      "original": {
        "owner": "edolstra",
        "repo": "import-cargo",
        "type": "github"
      }
    },
    "nickel": {
      "inputs": {
        "flake-utils": "flake-utils_3",
        "import-cargo": "import-cargo",
        "nixpkgs": "nixpkgs",
        "pre-commit-hooks": "pre-commit-hooks",
        "rust-overlay": "rust-overlay"
      },
      "locked": {
        "lastModified": 1666699717,
        "narHash": "sha256-mwpp3lZX4TL/tGxezjtbF/L1V58BnSGSEajz+QObNSY=",
        "owner": "tweag",
        "repo": "nickel",
        "rev": "bace8dbe57244b7b504fc5581fcc177bf1659ded",
        "type": "github"
      },
      "original": {
        "owner": "tweag",
        "repo": "nickel",
        "type": "github"
      }
    },
    "nickel-nix": {
      "inputs": {
        "flake-utils": "flake-utils_2",
        "nickel": "nickel",
        "nixpkgs": "nixpkgs_2"
      },
      "locked": {
        "lastModified": 1668522687,
        "narHash": "sha256-cun/nuPz2kXXWSmJQQa+IWNAgiQwxq2qXMn+SlU+cTI=",
        "type": "git",
        "url": "file:///home/yago/Pro/Tweag/projects/nickel/nickel-nix"
      },
      "original": {
        "type": "git",
        "url": "file:///home/yago/Pro/Tweag/projects/nickel/nickel-nix"
      }
    },
    "nixpkgs": {
      "locked": {
        "lastModified": 1662019588,
        "narHash": "sha256-oPEjHKGGVbBXqwwL+UjsveJzghWiWV0n9ogo1X6l4cw=",
        "owner": "NixOS",
        "repo": "nixpkgs",
        "rev": "2da64a81275b68fdad38af669afeda43d401e94b",
        "type": "github"
      },
      "original": {
        "id": "nixpkgs",
        "ref": "nixos-unstable",
        "type": "indirect"
      }
    },
    "nixpkgs_2": {
      "locked": {
        "lastModified": 1646497237,
        "narHash": "sha256-Ccpot1h/rV8MgcngDp5OrdmLTMaUTbStZTR5/sI7zW0=",
        "owner": "NixOS",
        "repo": "nixpkgs",
        "rev": "062a0c5437b68f950b081bbfc8a699d57a4ee026",
        "type": "github"
      },
      "original": {
        "id": "nixpkgs",
        "ref": "nixos-unstable",
        "type": "indirect"
      }
    },
    "nixpkgs_3": {
      "locked": {
        "lastModified": 1667811565,
        "narHash": "sha256-HYml7RdQPQ7X13VNe2CoDMqmifsXbt4ACTKxHRKQE3Q=",
        "owner": "NixOS",
        "repo": "nixpkgs",
        "rev": "667e5581d16745bcda791300ae7e2d73f49fff25",
        "type": "github"
      },
      "original": {
        "id": "nixpkgs",
        "ref": "nixos-unstable",
        "type": "indirect"
      }
    },
    "pre-commit-hooks": {
      "inputs": {
        "flake-utils": [
          "nickel-nix",
          "nickel",
          "flake-utils"
        ],
        "nixpkgs": [
          "nickel-nix",
          "nickel",
          "nixpkgs"
        ]
      },
      "locked": {
        "lastModified": 1660830093,
        "narHash": "sha256-HUhx3a82C7bgp2REdGFeHJdhEAzMGCk3V8xIvfBqg1I=",
        "owner": "cachix",
        "repo": "pre-commit-hooks.nix",
        "rev": "8cb8ea5f1c7bc2984f460587fddd5f2e558f6eb8",
        "type": "github"
      },
      "original": {
        "owner": "cachix",
        "repo": "pre-commit-hooks.nix",
        "type": "github"
      }
    },
    "root": {
      "inputs": {
        "flake-utils": "flake-utils",
        "nickel-nix": "nickel-nix",
        "nixpkgs": "nixpkgs_3"
      }
    },
    "rust-overlay": {
      "inputs": {
        "flake-utils": [
          "nickel-nix",
          "nickel",
          "flake-utils"
        ],
        "nixpkgs": [
          "nickel-nix",
          "nickel",
          "nixpkgs"
        ]
      },
      "locked": {
        "lastModified": 1662173844,
        "narHash": "sha256-+ZgW98Y8fZkgFSylE+Mzalumw+kw3SVivZznbJqQaj8=",
        "owner": "oxalica",
        "repo": "rust-overlay",
        "rev": "8ac6d40380dc4ec86f1ff591d5c14c8ae1d77a18",
        "type": "github"
      },
      "original": {
        "owner": "oxalica",
        "repo": "rust-overlay",
        "type": "github"
      }
    }
  },
  "root": "root",
  "version": 7
}
